
Microsoft Visual Studio Solution File, Format Version 12.00
# Visual Studio Version 16
VisualStudioVersion = 16.0.32228.343
MinimumVisualStudioVersion = 10.0.40219.1
Project("{FAE04EC0-301F-11D3-BF4B-00C04F79EFBC}") = "aspAssements", "aspAssements.csproj", "{060DDDE2-7CEF-4C33-8D3F-647B7128257F}"
EndProject
Project("{FAE04EC0-301F-11D3-BF4B-00C04F79EFBC}") = "asp.netAssement.DataAccess", "..\asp.netAssement.DataAccess\asp.netAssement.DataAccess.csproj", "{2229D524-D02D-43A9-9960-E4AE5416D428}"
EndProject
Project("{FAE04EC0-301F-11D3-BF4B-00C04F79EFBC}") = "asp.netAssementDataServices", "..\asp.netAssementDataServices\asp.netAssementDataServices.csproj", "{EE9516DE-6397-43CC-B496-6F402092DD1B}"
EndProject
Project("{FAE04EC0-301F-11D3-BF4B-00C04F79EFBC}") = "asp.netAssement.Entities", "..\asp.netAssement.Entities\asp.netAssement.Entities.csproj", "{4C743F4B-A072-45FA-B00D-DA0624EE9122}"
EndProject
Project("{FAE04EC0-301F-11D3-BF4B-00C04F79EFBC}") = "asp.netAssement.helpers", "..\asp.netAssement.helpers\asp.netAssement.helpers.csproj", "{6E791DE9-E8BF-4864-8D24-10729DEC11CB}"
EndProject
Global
	GlobalSection(SolutionConfigurationPlatforms) = preSolution
		Debug|Any CPU = Debug|Any CPU
		Release|Any CPU = Release|Any CPU
	EndGlobalSection
	GlobalSection(ProjectConfigurationPlatforms) = postSolution
		{060DDDE2-7CEF-4C33-8D3F-647B7128257F}.Debug|Any CPU.ActiveCfg = Debug|Any CPU
		{060DDDE2-7CEF-4C33-8D3F-647B7128257F}.Debug|Any CPU.Build.0 = Debug|Any CPU
		{060DDDE2-7CEF-4C33-8D3F-647B7128257F}.Release|Any CPU.ActiveCfg = Release|Any CPU
		{060DDDE2-7CEF-4C33-8D3F-647B7128257F}.Release|Any CPU.Build.0 = Release|Any CPU
		{2229D524-D02D-43A9-9960-E4AE5416D428}.Debug|Any CPU.ActiveCfg = Debug|Any CPU
		{2229D524-D02D-43A9-9960-E4AE5416D428}.Debug|Any CPU.Build.0 = Debug|Any CPU
		{2229D524-D02D-43A9-9960-E4AE5416D428}.Release|Any CPU.ActiveCfg = Release|Any CPU
		{2229D524-D02D-43A9-9960-E4AE5416D428}.Release|Any CPU.Build.0 = Release|Any CPU
		{EE9516DE-6397-43CC-B496-6F402092DD1B}.Debug|Any CPU.ActiveCfg = Debug|Any CPU
		{EE9516DE-6397-43CC-B496-6F402092DD1B}.Debug|Any CPU.Build.0 = Debug|Any CPU
		{EE9516DE-6397-43CC-B496-6F402092DD1B}.Release|Any CPU.ActiveCfg = Release|Any CPU
		{EE9516DE-6397-43CC-B496-6F402092DD1B}.Release|Any CPU.Build.0 = Release|Any CPU
		{4C743F4B-A072-45FA-B00D-DA0624EE9122}.Debug|Any CPU.ActiveCfg = Debug|Any CPU
		{4C743F4B-A072-45FA-B00D-DA0624EE9122}.Debug|Any CPU.Build.0 = Debug|Any CPU
		{4C743F4B-A072-45FA-B00D-DA0624EE9122}.Release|Any CPU.ActiveCfg = Release|Any CPU
		{4C743F4B-A072-45FA-B00D-DA0624EE9122}.Release|Any CPU.Build.0 = Release|Any CPU
		{6E791DE9-E8BF-4864-8D24-10729DEC11CB}.Debug|Any CPU.ActiveCfg = Debug|Any CPU
		{6E791DE9-E8BF-4864-8D24-10729DEC11CB}.Debug|Any CPU.Build.0 = Debug|Any CPU
		{6E791DE9-E8BF-4864-8D24-10729DEC11CB}.Release|Any CPU.ActiveCfg = Release|Any CPU
		{6E791DE9-E8BF-4864-8D24-10729DEC11CB}.Release|Any CPU.Build.0 = Release|Any CPU
	EndGlobalSection
	GlobalSection(SolutionProperties) = preSolution
		HideSolutionNode = FALSE
	EndGlobalSection
	GlobalSection(ExtensibilityGlobals) = postSolution
		SolutionGuid = {CD898839-0D36-4AAD-8518-12A5570E3846}
	EndGlobalSection
EndGlobal
